github.com/o-murphy/pystruct-go v0.0.5 h1:GpO55fkYGiunvFOR2q/LKgmYcxpkM0jcocFJlTvZakI=
github.com/o-murphy/pystruct-go v0.0.5/go.mod h1:RyTA6Q3UBfnbGWGUYwmQeJ2coH1PWRMB0e98BacObzw=
github.com/o-murphy/pystruct-go v0.0.6 h1:ZTO7IcR3k8I70EzK25vb208nEywPLzH8lpYedxh9zKs=
github.com/o-murphy/pystruct-go v0.0.6/go.mod h1:+NhkSVJms2932EanScZiGtF0MdZou/w1vKbGj7VO0+0=
