github.com/o-murphy/pystruct-go v0.0.2 h1:sAhZ6f5B7SWDUlvGOr1qulJEZXlZrXBR8Gq7vRK53N0=
github.com/o-murphy/pystruct-go v0.0.2/go.mod h1:RyTA6Q3UBfnbGWGUYwmQeJ2coH1PWRMB0e98BacObzw=
github.com/o-murphy/pystruct-go v0.0.3 h1:G5Jy4eFckS0jjAgs6mzhqAMWQUvE3XsSWhhCB4VP2c8=
github.com/o-murphy/pystruct-go v0.0.3/go.mod h1:RyTA6Q3UBfnbGWGUYwmQeJ2coH1PWRMB0e98BacObzw=
